
Microsoft Visual Studio Solution File, Format Version 12.00
# Visual Studio Version 17
VisualStudioVersion = 17.11.35222.181
MinimumVisualStudioVersion = 10.0.40219.1
Project("{FAE04EC0-301F-11D3-BF4B-00C04F79EFBC}") = "InventoryManagement", "InventoryManagement\InventoryManagement.csproj", "{B9A7292B-41FA-4C61-BEDB-34C5A83E16EE}"
EndProject
Global
	GlobalSection(SolutionConfigurationPlatforms) = preSolution
		Debug|Any CPU = Debug|Any CPU
		Release|Any CPU = Release|Any CPU
	EndGlobalSection
	GlobalSection(ProjectConfigurationPlatforms) = postSolution
		{B9A7292B-41FA-4C61-BEDB-34C5A83E16EE}.Debug|Any CPU.ActiveCfg = Debug|Any CPU
		{B9A7292B-41FA-4C61-BEDB-34C5A83E16EE}.Debug|Any CPU.Build.0 = Debug|Any CPU
		{B9A7292B-41FA-4C61-BEDB-34C5A83E16EE}.Release|Any CPU.ActiveCfg = Release|Any CPU
		{B9A7292B-41FA-4C61-BEDB-34C5A83E16EE}.Release|Any CPU.Build.0 = Release|Any CPU
	EndGlobalSection
	GlobalSection(SolutionProperties) = preSolution
		HideSolutionNode = FALSE
	EndGlobalSection
	GlobalSection(ExtensibilityGlobals) = postSolution
		SolutionGuid = {1936EB50-F5AA-4B6B-8138-F0C3750F53C6}
	EndGlobalSection
EndGlobal
